# THIS IS AN AUTOGENERATED FILE. DO NOT EDIT THIS FILE DIRECTLY.
# yarn lockfile v1


"@opentelemetry/api-metrics@0.24.0":
  version "0.24.0"
  resolved "https://registry.yarnpkg.com/@opentelemetry/api-metrics/-/api-metrics-0.24.0.tgz#54e3d6ef20fd9b489446cc3f102b48a212af04d7"
  integrity sha512-hdpkMeVlRGTuMshD2ZFaDjA/U0cZTkxUkJFvS/4yOiWfw+kEASmGE+U0/i9lbdQKuCR7X1rXSjbcYumlHcMG+A==

"@opentelemetry/api@^1.0.2":
  version "1.0.2"
  resolved "https://registry.yarnpkg.com/@opentelemetry/api/-/api-1.0.2.tgz#921e1f2b2484b762d77225a8a25074482d93fccf"
  integrity sha512-DCF9oC89ao8/EJUqrp/beBlDR8Bp2R43jqtzayqCoomIvkwTuPfLcHdVhIGRR69GFlkykFjcDW+V92t0AS7Tww==

"@opentelemetry/context-async-hooks@^0.24.0":
  version "0.24.0"
  resolved "https://registry.yarnpkg.com/@opentelemetry/context-async-hooks/-/context-async-hooks-0.24.0.tgz#d726cda794f8057c63631d111c7375744ed1cc75"
  integrity sha512-Db8AgMByBEFKLJGSUBlNq4Un/Tqzj5W0hTxx3hIic8DvBwqbvUvkMGuiQYLKE2Ay21cLYMT01xK4TEKz0OxADw==

"@opentelemetry/core@0.24.0", "@opentelemetry/core@^0.24.0":
  version "0.24.0"
  resolved "https://registry.yarnpkg.com/@opentelemetry/core/-/core-0.24.0.tgz#94033ebab10fdf008f8dae19c9547dadef30a2b2"
  integrity sha512-KpsfxBbFTZT9zaB4Es/fFLbvSzVl9Io/8UUu/TYl4/HgqkmyVInNlWTgRiKyz9nsHzFpGP1kdZJj+YIut0IFsw==
  dependencies:
    "@opentelemetry/semantic-conventions" "0.24.0"
    semver "^7.1.3"

"@opentelemetry/core@^0.24.1-alpha.31+fd2410cc", "@opentelemetry/core@^0.24.1-alpha.4+a8d39317":
  version "0.24.1-alpha.31"
  resolved "https://registry.yarnpkg.com/@opentelemetry/core/-/core-0.24.1-alpha.31.tgz#20f690fb27b2a4cc440dc6ff3ab764c5a4aa86f7"
  integrity sha512-ssPWP6c+jXRc+zaf3W/7pumBKNP/11EU5rjFKpBE3/5ZKNolZwX6e+UhhXAX8FhdpuFEvtwumUmqryiTKuYK6A==
  dependencies:
    "@opentelemetry/semantic-conventions" "^0.24.1-alpha.31+fd2410cc"
    semver "^7.1.3"

"@opentelemetry/exporter-zipkin@^0.24.0":
  version "0.24.0"
  resolved "https://registry.yarnpkg.com/@opentelemetry/exporter-zipkin/-/exporter-zipkin-0.24.0.tgz#de641cb4403d4165ab7adef1a69e86e54f120bc0"
  integrity sha512-SUV9yKnl7QrXL7EP2/xY3ryP1giSkQHTE+9uoLt/yC8hLCvh5AnJmBk5g9COaBQ6qANFEVKs74LJcjTOZU2dgg==
  dependencies:
    "@opentelemetry/core" "0.24.0"
    "@opentelemetry/resources" "0.24.0"
    "@opentelemetry/semantic-conventions" "0.24.0"
    "@opentelemetry/tracing" "0.24.0"

"@opentelemetry/instrumentation-express@^0.24.0":
  version "0.24.0"
  resolved "https://registry.yarnpkg.com/@opentelemetry/instrumentation-express/-/instrumentation-express-0.24.0.tgz#8594bd469dbf6303881b60c4c80e067d00c8ac4d"
  integrity sha512-XjKX3807jPALrBPmg64PsgEqIIZyweROLk9y5KxohkCiq3t+3rJRZw0f8zI7nCgaf4KRZoPL1Vy49+FHdUo9Rg==
  dependencies:
    "@opentelemetry/core" "^0.24.0"
    "@opentelemetry/instrumentation" "^0.24.0"
    "@opentelemetry/semantic-conventions" "^0.24.0"
    "@types/express" "4.17.13"

"@opentelemetry/instrumentation-grpc@^0.24.0":
  version "0.24.0"
  resolved "https://registry.yarnpkg.com/@opentelemetry/instrumentation-grpc/-/instrumentation-grpc-0.24.0.tgz#14e87033bd277109453ae6b6fbae8e4f702f6560"
  integrity sha512-fdsrKC1dcUsNsoCNtHLXr669UN9iKRRHmKcONkcoPdYOmptEjkSzOd4sWUP2E+cNEwvyP3mfGGmmNOMYsEno0g==
  dependencies:
    "@opentelemetry/api-metrics" "0.24.0"
    "@opentelemetry/instrumentation" "0.24.0"
    "@opentelemetry/semantic-conventions" "0.24.0"

"@opentelemetry/instrumentation-http@^0.24.0":
  version "0.24.0"
  resolved "https://registry.yarnpkg.com/@opentelemetry/instrumentation-http/-/instrumentation-http-0.24.0.tgz#745a77baf16e4775103303691a38a4e7391f7a9d"
  integrity sha512-LP0Iw24GFZvsAhUUFgmv8beG4vPEhDsgbHXOcGoSxHntnaDOY+5Df8y5CybSdt/DgqtkKr+3bs+TloeTHNu3Tw==
  dependencies:
    "@opentelemetry/core" "0.24.0"
    "@opentelemetry/instrumentation" "0.24.0"
    "@opentelemetry/semantic-conventions" "0.24.0"
    semver "^7.1.3"

"@opentelemetry/instrumentation@0.24.0", "@opentelemetry/instrumentation@^0.24.0":
  version "0.24.0"
  resolved "https://registry.yarnpkg.com/@opentelemetry/instrumentation/-/instrumentation-0.24.0.tgz#93e78c7f2570bfe1c57e1bb3664b59482cbb0366"
  integrity sha512-Kn581LUJrVsuV6j8KjNpNWFecyrLoc3GRiTpXUl48LVtm9CCbdwNZGe3PRmWN1Mb/bmWr/tt3GHcuhyUxAsY0A==
  dependencies:
    "@opentelemetry/api-metrics" "0.24.0"
    require-in-the-middle "^5.0.3"
    semver "^7.3.2"
    shimmer "^1.2.1"

"@opentelemetry/propagator-b3@^0.24.1-alpha.4+a8d39317":
  version "0.24.1-alpha.31"
  resolved "https://registry.yarnpkg.com/@opentelemetry/propagator-b3/-/propagator-b3-0.24.1-alpha.31.tgz#a184d5197b65f005d4c35d1898edcb278911765d"
  integrity sha512-6DbKyqJAIMguYWFlUCNnTlCnJDJdXW6avLAKJQK20dSttzCOuHI4MtzbZcNLz5CWee6zRTkMPXgJUbtzI/GWJw==
  dependencies:
    "@opentelemetry/core" "^0.24.1-alpha.31+fd2410cc"

"@opentelemetry/propagator-jaeger@^0.24.1-alpha.4+a8d39317":
  version "0.24.1-alpha.31"
  resolved "https://registry.yarnpkg.com/@opentelemetry/propagator-jaeger/-/propagator-jaeger-0.24.1-alpha.31.tgz#4bf8856d16a614920a511e9aefe8f86fda94d268"
  integrity sha512-slWXgCfgcW5vk//kapT+Ne2xPPh0HCw3umVu6ZK/6ov38ejrx0kN2ZeX6E8QQdr8u/v/0gxdfGFiHMw3gbLb9g==
  dependencies:
    "@opentelemetry/core" "^0.24.1-alpha.31+fd2410cc"

"@opentelemetry/resources@0.24.0":
  version "0.24.0"
  resolved "https://registry.yarnpkg.com/@opentelemetry/resources/-/resources-0.24.0.tgz#834e5a4d0a64ed4de085add8308be203959c44b4"
  integrity sha512-uEr2m13IRkjQAjX6fsYqJ21aONCspRvuQunaCl8LbH1NS1Gj82TuRUHF6TM82ulBPK8pU+nrrqXKuky2cMcIzw==
  dependencies:
    "@opentelemetry/core" "0.24.0"
    "@opentelemetry/semantic-conventions" "0.24.0"

"@opentelemetry/resources@^0.24.1-alpha.4+a8d39317":
  version "0.24.1-alpha.31"
  resolved "https://registry.yarnpkg.com/@opentelemetry/resources/-/resources-0.24.1-alpha.31.tgz#6941f30614bec76f806aa27081d83acd0653b4d3"
  integrity sha512-QtgoLy0xYXe/O9D8xcZajcrMI47L8tOC7+hbPAjtt7kSGYm0RJU+mupbLvOtxCDKDzsv+VcacxVg/bAbrOF2uA==
  dependencies:
    "@opentelemetry/core" "^0.24.1-alpha.31+fd2410cc"
    "@opentelemetry/semantic-conventions" "^0.24.1-alpha.31+fd2410cc"

"@opentelemetry/sdk-trace-base@^0.24.1-alpha.4", "@opentelemetry/sdk-trace-base@^0.24.1-alpha.4+a8d39317":
  version "0.24.1-alpha.4"
  resolved "https://registry.yarnpkg.com/@opentelemetry/sdk-trace-base/-/sdk-trace-base-0.24.1-alpha.4.tgz#8ad47864d4fd534b5a24f3d9b36aa91b348586f1"
  integrity sha512-dRMAseFliUOYuKoHha+3/qdNsU0JyY8085xzrRyJP7TvXo6KQKzotRCtMTMvXgv3UOufeZTMHyO13J3cuB+eSg==
  dependencies:
    "@opentelemetry/core" "^0.24.1-alpha.4+a8d39317"
    "@opentelemetry/resources" "^0.24.1-alpha.4+a8d39317"
    "@opentelemetry/semantic-conventions" "^0.24.0"
    lodash.merge "^4.6.2"

"@opentelemetry/sdk-trace-node@^0.24.1-alpha.4":
  version "0.24.1-alpha.4"
  resolved "https://registry.yarnpkg.com/@opentelemetry/sdk-trace-node/-/sdk-trace-node-0.24.1-alpha.4.tgz#f3ab5b1a938b83fe92f07f41a2f763946bc64d71"
  integrity sha512-Lbd/OMHgCy5qqbV9MCIB0oIRy8fO+jPBXjPwEYwL/x4wzRPhV8JYPXSockwnGFSr1DigYdwV+SD7pRjdgxqG0g==
  dependencies:
    "@opentelemetry/context-async-hooks" "^0.24.0"
    "@opentelemetry/core" "^0.24.1-alpha.4+a8d39317"
    "@opentelemetry/propagator-b3" "^0.24.1-alpha.4+a8d39317"
    "@opentelemetry/propagator-jaeger" "^0.24.1-alpha.4+a8d39317"
    "@opentelemetry/sdk-trace-base" "^0.24.1-alpha.4+a8d39317"
    semver "^7.1.3"

"@opentelemetry/semantic-conventions@0.24.0", "@opentelemetry/semantic-conventions@^0.24.0":
  version "0.24.0"
  resolved "https://registry.yarnpkg.com/@opentelemetry/semantic-conventions/-/semantic-conventions-0.24.0.tgz#1028ef0e0923b24916158d80d2ddfd67ea8b6740"
  integrity sha512-a/szuMQV0Quy0/M7kKdglcbRSoorleyyOwbTNNJ32O+RBN766wbQlMTvdimImTmwYWGr+NJOni1EcC242WlRcA==

"@opentelemetry/semantic-conventions@^0.24.1-alpha.31+fd2410cc":
  version "0.24.1-alpha.31"
  resolved "https://registry.yarnpkg.com/@opentelemetry/semantic-conventions/-/semantic-conventions-0.24.1-alpha.31.tgz#7a9a10da1b28aa24968bac90f4bd3e025c46530d"
  integrity sha512-kVdxTt4M+Fe5MwZ3QjAFDoHpiJ0MDh0IbvxQkHODb9EUiZxYICgDXKVUM25z/DDctaiXzlfTtVYOLDpPHGStPA==

"@opentelemetry/tracing@0.24.0":
  version "0.24.0"
  resolved "https://registry.yarnpkg.com/@opentelemetry/tracing/-/tracing-0.24.0.tgz#63077fe77b2f450442cb36710ea355db76f60faa"
  integrity sha512-sTLEs1SIon3xV8vLe53PzfbU0FahoxL9NPY/CYvA1mwGbMu4zHkHAjqy1Tc8JmqRrfa+XrHkmzeSM4hrvloBaA==
  dependencies:
    "@opentelemetry/core" "0.24.0"
    "@opentelemetry/resources" "0.24.0"
    "@opentelemetry/semantic-conventions" "0.24.0"
    lodash.merge "^4.6.2"

"@types/body-parser@*":
  version "1.19.1"
  resolved "https://registry.yarnpkg.com/@types/body-parser/-/body-parser-1.19.1.tgz#0c0174c42a7d017b818303d4b5d969cb0b75929c"
  integrity sha512-a6bTJ21vFOGIkwM0kzh9Yr89ziVxq4vYH2fQ6N8AeipEzai/cFK6aGMArIkUeIdRIgpwQa+2bXiLuUJCpSf2Cg==
  dependencies:
    "@types/connect" "*"
    "@types/node" "*"

"@types/connect@*":
  version "3.4.35"
  resolved "https://registry.yarnpkg.com/@types/connect/-/connect-3.4.35.tgz#5fcf6ae445e4021d1fc2219a4873cc73a3bb2ad1"
  integrity sha512-cdeYyv4KWoEgpBISTxWvqYsVy444DOqehiF3fM3ne10AmJ62RSyNkUnxMJXHQWRQQX2eR94m5y1IZyDwBjV9FQ==
  dependencies:
    "@types/node" "*"

"@types/express-serve-static-core@^4.17.18":
  version "4.17.24"
  resolved "https://registry.yarnpkg.com/@types/express-serve-static-core/-/express-serve-static-core-4.17.24.tgz#ea41f93bf7e0d59cd5a76665068ed6aab6815c07"
  integrity sha512-3UJuW+Qxhzwjq3xhwXm2onQcFHn76frIYVbTu+kn24LFxI+dEhdfISDFovPB8VpEgW8oQCTpRuCe+0zJxB7NEA==
  dependencies:
    "@types/node" "*"
    "@types/qs" "*"
    "@types/range-parser" "*"

"@types/express@4.17.13":
  version "4.17.13"
  resolved "https://registry.yarnpkg.com/@types/express/-/express-4.17.13.tgz#a76e2995728999bab51a33fabce1d705a3709034"
  integrity sha512-6bSZTPaTIACxn48l50SR+axgrqm6qXFIxrdAKaG6PaJk3+zuUr35hBlgT7vOmJcum+OEaIBLtHV/qloEAFITeA==
  dependencies:
    "@types/body-parser" "*"
    "@types/express-serve-static-core" "^4.17.18"
    "@types/qs" "*"
    "@types/serve-static" "*"

"@types/mime@^1":
  version "1.3.2"
  resolved "https://registry.yarnpkg.com/@types/mime/-/mime-1.3.2.tgz#93e25bf9ee75fe0fd80b594bc4feb0e862111b5a"
  integrity sha512-YATxVxgRqNH6nHEIsvg6k2Boc1JHI9ZbH5iWFFv/MTkchz3b1ieGDa5T0a9RznNdI0KhVbdbWSN+KWWrQZRxTw==

"@types/node@*":
  version "16.4.13"
  resolved "https://registry.yarnpkg.com/@types/node/-/node-16.4.13.tgz#7dfd9c14661edc65cccd43a29eb454174642370d"
  integrity sha512-bLL69sKtd25w7p1nvg9pigE4gtKVpGTPojBFLMkGHXuUgap2sLqQt2qUnqmVCDfzGUL0DRNZP+1prIZJbMeAXg==

"@types/qs@*":
  version "6.9.7"
  resolved "https://registry.yarnpkg.com/@types/qs/-/qs-6.9.7.tgz#63bb7d067db107cc1e457c303bc25d511febf6cb"
  integrity sha512-FGa1F62FT09qcrueBA6qYTrJPVDzah9a+493+o2PCXsesWHIn27G98TsSMs3WPNbZIEj4+VJf6saSFpvD+3Zsw==

"@types/range-parser@*":
  version "1.2.4"
  resolved "https://registry.yarnpkg.com/@types/range-parser/-/range-parser-1.2.4.tgz#cd667bcfdd025213aafb7ca5915a932590acdcdc"
  integrity sha512-EEhsLsD6UsDM1yFhAvy0Cjr6VwmpMWqFBCb9w07wVugF7w9nfajxLuVmngTIpgS6svCnm6Vaw+MZhoDCKnOfsw==

"@types/serve-static@*":
  version "1.13.10"
  resolved "https://registry.yarnpkg.com/@types/serve-static/-/serve-static-1.13.10.tgz#f5e0ce8797d2d7cc5ebeda48a52c96c4fa47a8d9"
  integrity sha512-nCkHGI4w7ZgAdNkrEu0bv+4xNV/XDqW+DydknebMOQwkpDGx8G+HTlj7R7ABI8i8nKxVw0wtKPi1D+lPOkh4YQ==
  dependencies:
    "@types/mime" "^1"
    "@types/node" "*"

debug@^4.1.1:
  version "4.3.2"
  resolved "https://registry.yarnpkg.com/debug/-/debug-4.3.2.tgz#f0a49c18ac8779e31d4a0c6029dfb76873c7428b"
  integrity sha512-mOp8wKcvj7XxC78zLgw/ZA+6TSgkoE2C/ienthhRD298T7UNwAg9diBpLRxC0mOezLl4B0xV7M0cCO6P/O0Xhw==
  dependencies:
    ms "2.1.2"

function-bind@^1.1.1:
  version "1.1.1"
  resolved "https://registry.yarnpkg.com/function-bind/-/function-bind-1.1.1.tgz#a56899d3ea3c9bab874bb9773b7c5ede92f4895d"
  integrity sha512-yIovAzMX49sF8Yl58fSCWJ5svSLuaibPxXQJFLmBObTuCr0Mf1KiPopGM9NiFjiYBCbfaa2Fh6breQ6ANVTI0A==

has@^1.0.3:
  version "1.0.3"
  resolved "https://registry.yarnpkg.com/has/-/has-1.0.3.tgz#722d7cbfc1f6aa8241f16dd814e011e1f41e8796"
  integrity sha512-f2dvO0VU6Oej7RkWJGrehjbzMAjFp5/VKPp5tTpWIV4JHHZK1/BxbFRtf/siA2SWTe09caDmVtYYzWEIbBS4zw==
  dependencies:
    function-bind "^1.1.1"

is-core-module@^2.2.0:
  version "2.5.0"
  resolved "https://registry.yarnpkg.com/is-core-module/-/is-core-module-2.5.0.tgz#f754843617c70bfd29b7bd87327400cda5c18491"
  integrity sha512-TXCMSDsEHMEEZ6eCA8rwRDbLu55MRGmrctljsBX/2v1d9/GzqHOxW5c5oPSgrUt2vBFXebu9rGqckXGPWOlYpg==
  dependencies:
    has "^1.0.3"

lib-tracing@/home/jahidul/workspace/projects/server/lib-tracing:
  version "1.0.0"
  dependencies:
    "@opentelemetry/api" "^1.0.2"
    "@opentelemetry/exporter-zipkin" "^0.24.0"
    "@opentelemetry/instrumentation-express" "^0.24.0"
    "@opentelemetry/instrumentation-grpc" "^0.24.0"
    "@opentelemetry/instrumentation-http" "^0.24.0"
    "@opentelemetry/sdk-trace-base" "^0.24.1-alpha.4"
    "@opentelemetry/sdk-trace-node" "^0.24.1-alpha.4"
    lib-tracing "file:."

"lib-tracing@file:.":
  version "1.0.0"
  dependencies:
    "@opentelemetry/api" "^1.0.2"
    "@opentelemetry/exporter-zipkin" "^0.24.0"
    "@opentelemetry/instrumentation-express" "^0.24.0"
    "@opentelemetry/instrumentation-grpc" "^0.24.0"
    "@opentelemetry/instrumentation-http" "^0.24.0"
    "@opentelemetry/sdk-trace-base" "^0.24.1-alpha.4"
    "@opentelemetry/sdk-trace-node" "^0.24.1-alpha.4"
    lib-tracing "file:."

lodash.merge@^4.6.2:
  version "4.6.2"
  resolved "https://registry.yarnpkg.com/lodash.merge/-/lodash.merge-4.6.2.tgz#558aa53b43b661e1925a0afdfa36a9a1085fe57a"
  integrity sha512-0KpjqXRVvrYyCsX1swR/XTK0va6VQkQM6MNo7PqW77ByjAhoARA8EfrP1N4+KlKj8YS0ZUCtRT/YUuhyYDujIQ==

lru-cache@^6.0.0:
  version "6.0.0"
  resolved "https://registry.yarnpkg.com/lru-cache/-/lru-cache-6.0.0.tgz#6d6fe6570ebd96aaf90fcad1dafa3b2566db3a94"
  integrity sha512-Jo6dJ04CmSjuznwJSS3pUeWmd/H0ffTlkXXgwZi+eq1UCmqQwCh+eLsYOYCwY991i2Fah4h1BEMCx4qThGbsiA==
  dependencies:
    yallist "^4.0.0"

module-details-from-path@^1.0.3:
  version "1.0.3"
  resolved "https://registry.yarnpkg.com/module-details-from-path/-/module-details-from-path-1.0.3.tgz#114c949673e2a8a35e9d35788527aa37b679da2b"
  integrity sha1-EUyUlnPiqKNenTV4hSeqN7Z52is=

ms@2.1.2:
  version "2.1.2"
  resolved "https://registry.yarnpkg.com/ms/-/ms-2.1.2.tgz#d09d1f357b443f493382a8eb3ccd183872ae6009"
  integrity sha512-sGkPx+VjMtmA6MX27oA4FBFELFCZZ4S4XqeGOXCv68tT+jb3vk/RyaKWP0PTKyWtmLSM0b+adUTEvbs1PEaH2w==

path-parse@^1.0.6:
  version "1.0.7"
  resolved "https://registry.yarnpkg.com/path-parse/-/path-parse-1.0.7.tgz#fbc114b60ca42b30d9daf5858e4bd68bbedb6735"
  integrity sha512-LDJzPVEEEPR+y48z93A0Ed0yXb8pAByGWo/k5YYdYgpY2/2EsOsksJrq7lOHxryrVOn1ejG6oAp8ahvOIQD8sw==

require-in-the-middle@^5.0.3:
  version "5.1.0"
  resolved "https://registry.yarnpkg.com/require-in-the-middle/-/require-in-the-middle-5.1.0.tgz#b768f800377b47526d026bbf5a7f727f16eb412f"
  integrity sha512-M2rLKVupQfJ5lf9OvqFGIT+9iVLnTmjgbOmpil12hiSQNn5zJTKGPoIisETNjfK+09vP3rpm1zJajmErpr2sEQ==
  dependencies:
    debug "^4.1.1"
    module-details-from-path "^1.0.3"
    resolve "^1.12.0"

resolve@^1.12.0:
  version "1.20.0"
  resolved "https://registry.yarnpkg.com/resolve/-/resolve-1.20.0.tgz#629a013fb3f70755d6f0b7935cc1c2c5378b1975"
  integrity sha512-wENBPt4ySzg4ybFQW2TT1zMQucPK95HSh/nq2CFTZVOGut2+pQvSsgtda4d26YrYcr067wjbmzOG8byDPBX63A==
  dependencies:
    is-core-module "^2.2.0"
    path-parse "^1.0.6"

semver@^7.1.3, semver@^7.3.2:
  version "7.3.5"
  resolved "https://registry.yarnpkg.com/semver/-/semver-7.3.5.tgz#0b621c879348d8998e4b0e4be94b3f12e6018ef7"
  integrity sha512-PoeGJYh8HK4BTO/a9Tf6ZG3veo/A7ZVsYrSA6J8ny9nb3B1VrpkuN+z9OE5wfE5p6H4LchYZsegiQgbJD94ZFQ==
  dependencies:
    lru-cache "^6.0.0"

shimmer@^1.2.1:
  version "1.2.1"
  resolved "https://registry.yarnpkg.com/shimmer/-/shimmer-1.2.1.tgz#610859f7de327b587efebf501fb43117f9aff337"
  integrity sha512-sQTKC1Re/rM6XyFM6fIAGHRPVGvyXfgzIDvzoq608vM+jeyVD0Tu1E6Np0Kc2zAIFWIj963V2800iF/9LPieQw==

yallist@^4.0.0:
  version "4.0.0"
  resolved "https://registry.yarnpkg.com/yallist/-/yallist-4.0.0.tgz#9bb92790d9c0effec63be73519e11a35019a3a72"
  integrity sha512-3wdGidZyq5PB084XLES5TpOSRA3wjXAlIWMhum2kRcv/41Sn2emQ0dycQW4uZXLejwKvg6EsvbdlVL+FYEct7A==
